
Microsoft Visual Studio Solution File, Format Version 12.00
# Visual Studio Version 16
VisualStudioVersion = 16.0.29215.179
MinimumVisualStudioVersion = 10.0.40219.1
Project("{8BC9CEB8-8B4A-11D0-8D11-00A0C91BC942}") = "ECE2500_Project_3", "ECE2500_Project_3\ECE2500_Project_3.vcxproj", "{EB0985A1-BD74-4207-8EEE-BF5586090EB0}"
EndProject
Global
	GlobalSection(SolutionConfigurationPlatforms) = preSolution
		Debug|x64 = Debug|x64
		Debug|x86 = Debug|x86
		Release|x64 = Release|x64
		Release|x86 = Release|x86
	EndGlobalSection
	GlobalSection(ProjectConfigurationPlatforms) = postSolution
		{EB0985A1-BD74-4207-8EEE-BF5586090EB0}.Debug|x64.ActiveCfg = Debug|x64
		{EB0985A1-BD74-4207-8EEE-BF5586090EB0}.Debug|x64.Build.0 = Debug|x64
		{EB0985A1-BD74-4207-8EEE-BF5586090EB0}.Debug|x86.ActiveCfg = Debug|Win32
		{EB0985A1-BD74-4207-8EEE-BF5586090EB0}.Debug|x86.Build.0 = Debug|Win32
		{EB0985A1-BD74-4207-8EEE-BF5586090EB0}.Release|x64.ActiveCfg = Release|x64
		{EB0985A1-BD74-4207-8EEE-BF5586090EB0}.Release|x64.Build.0 = Release|x64
		{EB0985A1-BD74-4207-8EEE-BF5586090EB0}.Release|x86.ActiveCfg = Release|Win32
		{EB0985A1-BD74-4207-8EEE-BF5586090EB0}.Release|x86.Build.0 = Release|Win32
	EndGlobalSection
	GlobalSection(SolutionProperties) = preSolution
		HideSolutionNode = FALSE
	EndGlobalSection
	GlobalSection(ExtensibilityGlobals) = postSolution
		SolutionGuid = {DF6A8732-E91B-4A46-B2EB-A37E3CE53406}
	EndGlobalSection
EndGlobal
